{
  "name": "web_sem5",
  "lockfileVersion": 2,
  "requires": true,
  "packages": {
    "": {
      "dependencies": {
        "mprogress": "^0.1.1"
      }
    },
    "node_modules/mprogress": {
      "version": "0.1.1",
      "resolved": "https://registry.npmjs.org/mprogress/-/mprogress-0.1.1.tgz",
      "integrity": "sha512-xhDUwtHiLFbs/z/0IRpOqsW/IvZM4GhQAmQ2Ajpx60WmT+7VGpT4MLOcKj/Eln6za/6BIDyCtryg0OgIo9DihQ=="
    }
  },
  "dependencies": {
    "mprogress": {
      "version": "0.1.1",
      "resolved": "https://registry.npmjs.org/mprogress/-/mprogress-0.1.1.tgz",
      "integrity": "sha512-xhDUwtHiLFbs/z/0IRpOqsW/IvZM4GhQAmQ2Ajpx60WmT+7VGpT4MLOcKj/Eln6za/6BIDyCtryg0OgIo9DihQ=="
    }
  }
}
